
Microsoft Visual Studio Solution File, Format Version 12.00
# Visual Studio Version 17
VisualStudioVersion = 17.10.34928.147
MinimumVisualStudioVersion = 10.0.40219.1
Project("{FAE04EC0-301F-11D3-BF4B-00C04F79EFBC}") = "BattleShip.API", "BattleShip.API\BattleShip.API.csproj", "{959CBCDB-76D4-4EB1-B3AF-2DC5E7C7A953}"
EndProject
Project("{FAE04EC0-301F-11D3-BF4B-00C04F79EFBC}") = "BattleShip.Application", "BattleShip.Application\BattleShip.Application.csproj", "{8278396B-834E-4923-A2C0-DE854AA808A5}"
EndProject
Project("{FAE04EC0-301F-11D3-BF4B-00C04F79EFBC}") = "BattleShip.Common", "BattleShip.Common\BattleShip.Common.csproj", "{A8553FCC-2C46-4054-B74E-8EDAB390D353}"
EndProject
Project("{FAE04EC0-301F-11D3-BF4B-00C04F79EFBC}") = "BattleShip.Application.Tests", "BattleShip.Application.Tests\BattleShip.Application.Tests.csproj", "{AF43C8A8-120A-44C8-B5DD-058B106F3FBB}"
EndProject
Global
	GlobalSection(SolutionConfigurationPlatforms) = preSolution
		Debug|Any CPU = Debug|Any CPU
		Release|Any CPU = Release|Any CPU
	EndGlobalSection
	GlobalSection(ProjectConfigurationPlatforms) = postSolution
		{959CBCDB-76D4-4EB1-B3AF-2DC5E7C7A953}.Debug|Any CPU.ActiveCfg = Debug|Any CPU
		{959CBCDB-76D4-4EB1-B3AF-2DC5E7C7A953}.Debug|Any CPU.Build.0 = Debug|Any CPU
		{959CBCDB-76D4-4EB1-B3AF-2DC5E7C7A953}.Release|Any CPU.ActiveCfg = Release|Any CPU
		{959CBCDB-76D4-4EB1-B3AF-2DC5E7C7A953}.Release|Any CPU.Build.0 = Release|Any CPU
		{8278396B-834E-4923-A2C0-DE854AA808A5}.Debug|Any CPU.ActiveCfg = Debug|Any CPU
		{8278396B-834E-4923-A2C0-DE854AA808A5}.Debug|Any CPU.Build.0 = Debug|Any CPU
		{8278396B-834E-4923-A2C0-DE854AA808A5}.Release|Any CPU.ActiveCfg = Release|Any CPU
		{8278396B-834E-4923-A2C0-DE854AA808A5}.Release|Any CPU.Build.0 = Release|Any CPU
		{A8553FCC-2C46-4054-B74E-8EDAB390D353}.Debug|Any CPU.ActiveCfg = Debug|Any CPU
		{A8553FCC-2C46-4054-B74E-8EDAB390D353}.Debug|Any CPU.Build.0 = Debug|Any CPU
		{A8553FCC-2C46-4054-B74E-8EDAB390D353}.Release|Any CPU.ActiveCfg = Release|Any CPU
		{A8553FCC-2C46-4054-B74E-8EDAB390D353}.Release|Any CPU.Build.0 = Release|Any CPU
		{AF43C8A8-120A-44C8-B5DD-058B106F3FBB}.Debug|Any CPU.ActiveCfg = Debug|Any CPU
		{AF43C8A8-120A-44C8-B5DD-058B106F3FBB}.Debug|Any CPU.Build.0 = Debug|Any CPU
		{AF43C8A8-120A-44C8-B5DD-058B106F3FBB}.Release|Any CPU.ActiveCfg = Release|Any CPU
		{AF43C8A8-120A-44C8-B5DD-058B106F3FBB}.Release|Any CPU.Build.0 = Release|Any CPU
	EndGlobalSection
	GlobalSection(SolutionProperties) = preSolution
		HideSolutionNode = FALSE
	EndGlobalSection
	GlobalSection(ExtensibilityGlobals) = postSolution
		SolutionGuid = {984F93EC-F6D3-46CA-AF83-469D23C9E6E1}
	EndGlobalSection
EndGlobal
